
Microsoft Visual Studio Solution File, Format Version 12.00
# Visual Studio Version 17
VisualStudioVersion = 17.13.35919.96
MinimumVisualStudioVersion = 10.0.40219.1
Project("{FAE04EC0-301F-11D3-BF4B-00C04F79EFBC}") = "RecruitmentTests", "RecruitmentTests\RecruitmentTests.csproj", "{44837F25-6CB5-4E2B-B097-D9E665C4E466}"
EndProject
Project("{FAE04EC0-301F-11D3-BF4B-00C04F79EFBC}") = "API", "API\API.csproj", "{2BF645EF-759D-48A4-8A39-6D9BE4E66922}"
EndProject
Project("{FAE04EC0-301F-11D3-BF4B-00C04F79EFBC}") = "OnboardingTests", "OnboardingTests\OnboardingTests.csproj", "{9C84CBFE-D0F8-4B96-A2B5-DAD7565CFEAC}"
EndProject
Project("{FAE04EC0-301F-11D3-BF4B-00C04F79EFBC}") = "PayrollTests", "PayrollTests\PayrollTests.csproj", "{D37A1806-123B-4241-A132-D5D6300E5E4E}"
EndProject
Project("{FAE04EC0-301F-11D3-BF4B-00C04F79EFBC}") = "AutomationShared", "AutomationShared\AutomationShared.csproj", "{C9B3A59C-FDC0-4DCC-A562-8EF139CD38D8}"
EndProject
Project("{FAE04EC0-301F-11D3-BF4B-00C04F79EFBC}") = "SeleniumSmokeTests", "SeleniumSmokeTests\SeleniumSmokeTests.csproj", "{A3418C7B-E4D4-4CAE-BBD5-8076A0399C88}"
EndProject
Project("{FAE04EC0-301F-11D3-BF4B-00C04F79EFBC}") = "Selenium.BaseComponents", "Selenium.BaseComponents\Selenium.BaseComponents.csproj", "{2AD41E59-BB54-4BA2-9BC8-AA5BF6DFF7B9}"
EndProject
Project("{FAE04EC0-301F-11D3-BF4B-00C04F79EFBC}") = "TC.ProviderDataEntry", "TC.Registration\TC.ProviderDataEntry.csproj", "{D1FA116A-E804-4ACD-8DF5-AE5ADF77B92B}"
EndProject
Project("{FAE04EC0-301F-11D3-BF4B-00C04F79EFBC}") = "TC.MemberEligibilitySearch", "TC.SearchEligibility\TC.MemberEligibilitySearch.csproj", "{0B93B369-20A1-4420-AF2D-A52B80C84D87}"
EndProject
Project("{FAE04EC0-301F-11D3-BF4B-00C04F79EFBC}") = "TC.PriorAuthSearch", "TC.SearchPA\TC.PriorAuthSearch.csproj", "{869F3ADE-CD66-4BE3-9495-122046DA87D8}"
EndProject
Project("{FAE04EC0-301F-11D3-BF4B-00C04F79EFBC}") = "TC.SearchRA", "TC.SearchRA\TC.SearchRA.csproj", "{9730235A-6561-4A9B-B2E3-252C3705F708}"
EndProject
Project("{FAE04EC0-301F-11D3-BF4B-00C04F79EFBC}") = "TC.SubmitClaims", "TC.SubmitClaims\TC.SubmitClaims.csproj", "{3CF975AB-1872-4077-A281-F0254B9D2E1C}"
EndProject
Project("{FAE04EC0-301F-11D3-BF4B-00C04F79EFBC}") = "TC.PriorAuthInquiry", "TC.PriorAuthInquiry\TC.PriorAuthInquiry.csproj", "{3B58C958-3CC2-4625-B0D6-F4BAD508AD82}"
EndProject
Project("{FAE04EC0-301F-11D3-BF4B-00C04F79EFBC}") = "TC.PriorAuthoriztion", "TC.PriorAuthoriztion\TC.PriorAuthoriztion.csproj", "{20A1E27F-44CC-4EF9-88A4-6E114762EB2C}"
EndProject
Global
	GlobalSection(SolutionConfigurationPlatforms) = preSolution
		Debug|Any CPU = Debug|Any CPU
		Debug|x64 = Debug|x64
		Debug|x86 = Debug|x86
		Release|Any CPU = Release|Any CPU
		Release|x64 = Release|x64
		Release|x86 = Release|x86
	EndGlobalSection
	GlobalSection(ProjectConfigurationPlatforms) = postSolution
		{44837F25-6CB5-4E2B-B097-D9E665C4E466}.Debug|Any CPU.ActiveCfg = Debug|Any CPU
		{44837F25-6CB5-4E2B-B097-D9E665C4E466}.Debug|Any CPU.Build.0 = Debug|Any CPU
		{44837F25-6CB5-4E2B-B097-D9E665C4E466}.Debug|x64.ActiveCfg = Debug|Any CPU
		{44837F25-6CB5-4E2B-B097-D9E665C4E466}.Debug|x64.Build.0 = Debug|Any CPU
		{44837F25-6CB5-4E2B-B097-D9E665C4E466}.Debug|x86.ActiveCfg = Debug|Any CPU
		{44837F25-6CB5-4E2B-B097-D9E665C4E466}.Debug|x86.Build.0 = Debug|Any CPU
		{44837F25-6CB5-4E2B-B097-D9E665C4E466}.Release|Any CPU.ActiveCfg = Release|Any CPU
		{44837F25-6CB5-4E2B-B097-D9E665C4E466}.Release|Any CPU.Build.0 = Release|Any CPU
		{44837F25-6CB5-4E2B-B097-D9E665C4E466}.Release|x64.ActiveCfg = Release|Any CPU
		{44837F25-6CB5-4E2B-B097-D9E665C4E466}.Release|x64.Build.0 = Release|Any CPU
		{44837F25-6CB5-4E2B-B097-D9E665C4E466}.Release|x86.ActiveCfg = Release|Any CPU
		{44837F25-6CB5-4E2B-B097-D9E665C4E466}.Release|x86.Build.0 = Release|Any CPU
		{2BF645EF-759D-48A4-8A39-6D9BE4E66922}.Debug|Any CPU.ActiveCfg = Debug|Any CPU
		{2BF645EF-759D-48A4-8A39-6D9BE4E66922}.Debug|Any CPU.Build.0 = Debug|Any CPU
		{2BF645EF-759D-48A4-8A39-6D9BE4E66922}.Debug|x64.ActiveCfg = Debug|Any CPU
		{2BF645EF-759D-48A4-8A39-6D9BE4E66922}.Debug|x64.Build.0 = Debug|Any CPU
		{2BF645EF-759D-48A4-8A39-6D9BE4E66922}.Debug|x86.ActiveCfg = Debug|Any CPU
		{2BF645EF-759D-48A4-8A39-6D9BE4E66922}.Debug|x86.Build.0 = Debug|Any CPU
		{2BF645EF-759D-48A4-8A39-6D9BE4E66922}.Release|Any CPU.ActiveCfg = Release|Any CPU
		{2BF645EF-759D-48A4-8A39-6D9BE4E66922}.Release|Any CPU.Build.0 = Release|Any CPU
		{2BF645EF-759D-48A4-8A39-6D9BE4E66922}.Release|x64.ActiveCfg = Release|Any CPU
		{2BF645EF-759D-48A4-8A39-6D9BE4E66922}.Release|x64.Build.0 = Release|Any CPU
		{2BF645EF-759D-48A4-8A39-6D9BE4E66922}.Release|x86.ActiveCfg = Release|Any CPU
		{2BF645EF-759D-48A4-8A39-6D9BE4E66922}.Release|x86.Build.0 = Release|Any CPU
		{9C84CBFE-D0F8-4B96-A2B5-DAD7565CFEAC}.Debug|Any CPU.ActiveCfg = Debug|Any CPU
		{9C84CBFE-D0F8-4B96-A2B5-DAD7565CFEAC}.Debug|Any CPU.Build.0 = Debug|Any CPU
		{9C84CBFE-D0F8-4B96-A2B5-DAD7565CFEAC}.Debug|x64.ActiveCfg = Debug|Any CPU
		{9C84CBFE-D0F8-4B96-A2B5-DAD7565CFEAC}.Debug|x64.Build.0 = Debug|Any CPU
		{9C84CBFE-D0F8-4B96-A2B5-DAD7565CFEAC}.Debug|x86.ActiveCfg = Debug|Any CPU
		{9C84CBFE-D0F8-4B96-A2B5-DAD7565CFEAC}.Debug|x86.Build.0 = Debug|Any CPU
		{9C84CBFE-D0F8-4B96-A2B5-DAD7565CFEAC}.Release|Any CPU.ActiveCfg = Release|Any CPU
		{9C84CBFE-D0F8-4B96-A2B5-DAD7565CFEAC}.Release|Any CPU.Build.0 = Release|Any CPU
		{9C84CBFE-D0F8-4B96-A2B5-DAD7565CFEAC}.Release|x64.ActiveCfg = Release|Any CPU
		{9C84CBFE-D0F8-4B96-A2B5-DAD7565CFEAC}.Release|x64.Build.0 = Release|Any CPU
		{9C84CBFE-D0F8-4B96-A2B5-DAD7565CFEAC}.Release|x86.ActiveCfg = Release|Any CPU
		{9C84CBFE-D0F8-4B96-A2B5-DAD7565CFEAC}.Release|x86.Build.0 = Release|Any CPU
		{D37A1806-123B-4241-A132-D5D6300E5E4E}.Debug|Any CPU.ActiveCfg = Debug|Any CPU
		{D37A1806-123B-4241-A132-D5D6300E5E4E}.Debug|Any CPU.Build.0 = Debug|Any CPU
		{D37A1806-123B-4241-A132-D5D6300E5E4E}.Debug|x64.ActiveCfg = Debug|Any CPU
		{D37A1806-123B-4241-A132-D5D6300E5E4E}.Debug|x64.Build.0 = Debug|Any CPU
		{D37A1806-123B-4241-A132-D5D6300E5E4E}.Debug|x86.ActiveCfg = Debug|Any CPU
		{D37A1806-123B-4241-A132-D5D6300E5E4E}.Debug|x86.Build.0 = Debug|Any CPU
		{D37A1806-123B-4241-A132-D5D6300E5E4E}.Release|Any CPU.ActiveCfg = Release|Any CPU
		{D37A1806-123B-4241-A132-D5D6300E5E4E}.Release|Any CPU.Build.0 = Release|Any CPU
		{D37A1806-123B-4241-A132-D5D6300E5E4E}.Release|x64.ActiveCfg = Release|Any CPU
		{D37A1806-123B-4241-A132-D5D6300E5E4E}.Release|x64.Build.0 = Release|Any CPU
		{D37A1806-123B-4241-A132-D5D6300E5E4E}.Release|x86.ActiveCfg = Release|Any CPU
		{D37A1806-123B-4241-A132-D5D6300E5E4E}.Release|x86.Build.0 = Release|Any CPU
		{C9B3A59C-FDC0-4DCC-A562-8EF139CD38D8}.Debug|Any CPU.ActiveCfg = Debug|Any CPU
		{C9B3A59C-FDC0-4DCC-A562-8EF139CD38D8}.Debug|Any CPU.Build.0 = Debug|Any CPU
		{C9B3A59C-FDC0-4DCC-A562-8EF139CD38D8}.Debug|x64.ActiveCfg = Debug|Any CPU
		{C9B3A59C-FDC0-4DCC-A562-8EF139CD38D8}.Debug|x64.Build.0 = Debug|Any CPU
		{C9B3A59C-FDC0-4DCC-A562-8EF139CD38D8}.Debug|x86.ActiveCfg = Debug|Any CPU
		{C9B3A59C-FDC0-4DCC-A562-8EF139CD38D8}.Debug|x86.Build.0 = Debug|Any CPU
		{C9B3A59C-FDC0-4DCC-A562-8EF139CD38D8}.Release|Any CPU.ActiveCfg = Release|Any CPU
		{C9B3A59C-FDC0-4DCC-A562-8EF139CD38D8}.Release|Any CPU.Build.0 = Release|Any CPU
		{C9B3A59C-FDC0-4DCC-A562-8EF139CD38D8}.Release|x64.ActiveCfg = Release|Any CPU
		{C9B3A59C-FDC0-4DCC-A562-8EF139CD38D8}.Release|x64.Build.0 = Release|Any CPU
		{C9B3A59C-FDC0-4DCC-A562-8EF139CD38D8}.Release|x86.ActiveCfg = Release|Any CPU
		{C9B3A59C-FDC0-4DCC-A562-8EF139CD38D8}.Release|x86.Build.0 = Release|Any CPU
		{A3418C7B-E4D4-4CAE-BBD5-8076A0399C88}.Debug|Any CPU.ActiveCfg = Debug|Any CPU
		{A3418C7B-E4D4-4CAE-BBD5-8076A0399C88}.Debug|Any CPU.Build.0 = Debug|Any CPU
		{A3418C7B-E4D4-4CAE-BBD5-8076A0399C88}.Debug|x64.ActiveCfg = Debug|Any CPU
		{A3418C7B-E4D4-4CAE-BBD5-8076A0399C88}.Debug|x64.Build.0 = Debug|Any CPU
		{A3418C7B-E4D4-4CAE-BBD5-8076A0399C88}.Debug|x86.ActiveCfg = Debug|Any CPU
		{A3418C7B-E4D4-4CAE-BBD5-8076A0399C88}.Debug|x86.Build.0 = Debug|Any CPU
		{A3418C7B-E4D4-4CAE-BBD5-8076A0399C88}.Release|Any CPU.ActiveCfg = Release|Any CPU
		{A3418C7B-E4D4-4CAE-BBD5-8076A0399C88}.Release|Any CPU.Build.0 = Release|Any CPU
		{A3418C7B-E4D4-4CAE-BBD5-8076A0399C88}.Release|x64.ActiveCfg = Release|Any CPU
		{A3418C7B-E4D4-4CAE-BBD5-8076A0399C88}.Release|x64.Build.0 = Release|Any CPU
		{A3418C7B-E4D4-4CAE-BBD5-8076A0399C88}.Release|x86.ActiveCfg = Release|Any CPU
		{A3418C7B-E4D4-4CAE-BBD5-8076A0399C88}.Release|x86.Build.0 = Release|Any CPU
		{2AD41E59-BB54-4BA2-9BC8-AA5BF6DFF7B9}.Debug|Any CPU.ActiveCfg = Debug|Any CPU
		{2AD41E59-BB54-4BA2-9BC8-AA5BF6DFF7B9}.Debug|Any CPU.Build.0 = Debug|Any CPU
		{2AD41E59-BB54-4BA2-9BC8-AA5BF6DFF7B9}.Debug|x64.ActiveCfg = Debug|Any CPU
		{2AD41E59-BB54-4BA2-9BC8-AA5BF6DFF7B9}.Debug|x64.Build.0 = Debug|Any CPU
		{2AD41E59-BB54-4BA2-9BC8-AA5BF6DFF7B9}.Debug|x86.ActiveCfg = Debug|Any CPU
		{2AD41E59-BB54-4BA2-9BC8-AA5BF6DFF7B9}.Debug|x86.Build.0 = Debug|Any CPU
		{2AD41E59-BB54-4BA2-9BC8-AA5BF6DFF7B9}.Release|Any CPU.ActiveCfg = Release|Any CPU
		{2AD41E59-BB54-4BA2-9BC8-AA5BF6DFF7B9}.Release|Any CPU.Build.0 = Release|Any CPU
		{2AD41E59-BB54-4BA2-9BC8-AA5BF6DFF7B9}.Release|x64.ActiveCfg = Release|Any CPU
		{2AD41E59-BB54-4BA2-9BC8-AA5BF6DFF7B9}.Release|x64.Build.0 = Release|Any CPU
		{2AD41E59-BB54-4BA2-9BC8-AA5BF6DFF7B9}.Release|x86.ActiveCfg = Release|Any CPU
		{2AD41E59-BB54-4BA2-9BC8-AA5BF6DFF7B9}.Release|x86.Build.0 = Release|Any CPU
		{D1FA116A-E804-4ACD-8DF5-AE5ADF77B92B}.Debug|Any CPU.ActiveCfg = Debug|Any CPU
		{D1FA116A-E804-4ACD-8DF5-AE5ADF77B92B}.Debug|Any CPU.Build.0 = Debug|Any CPU
		{D1FA116A-E804-4ACD-8DF5-AE5ADF77B92B}.Debug|x64.ActiveCfg = Debug|Any CPU
		{D1FA116A-E804-4ACD-8DF5-AE5ADF77B92B}.Debug|x64.Build.0 = Debug|Any CPU
		{D1FA116A-E804-4ACD-8DF5-AE5ADF77B92B}.Debug|x86.ActiveCfg = Debug|Any CPU
		{D1FA116A-E804-4ACD-8DF5-AE5ADF77B92B}.Debug|x86.Build.0 = Debug|Any CPU
		{D1FA116A-E804-4ACD-8DF5-AE5ADF77B92B}.Release|Any CPU.ActiveCfg = Release|Any CPU
		{D1FA116A-E804-4ACD-8DF5-AE5ADF77B92B}.Release|Any CPU.Build.0 = Release|Any CPU
		{D1FA116A-E804-4ACD-8DF5-AE5ADF77B92B}.Release|x64.ActiveCfg = Release|Any CPU
		{D1FA116A-E804-4ACD-8DF5-AE5ADF77B92B}.Release|x64.Build.0 = Release|Any CPU
		{D1FA116A-E804-4ACD-8DF5-AE5ADF77B92B}.Release|x86.ActiveCfg = Release|Any CPU
		{D1FA116A-E804-4ACD-8DF5-AE5ADF77B92B}.Release|x86.Build.0 = Release|Any CPU
		{0B93B369-20A1-4420-AF2D-A52B80C84D87}.Debug|Any CPU.ActiveCfg = Debug|Any CPU
		{0B93B369-20A1-4420-AF2D-A52B80C84D87}.Debug|Any CPU.Build.0 = Debug|Any CPU
		{0B93B369-20A1-4420-AF2D-A52B80C84D87}.Debug|x64.ActiveCfg = Debug|Any CPU
		{0B93B369-20A1-4420-AF2D-A52B80C84D87}.Debug|x64.Build.0 = Debug|Any CPU
		{0B93B369-20A1-4420-AF2D-A52B80C84D87}.Debug|x86.ActiveCfg = Debug|Any CPU
		{0B93B369-20A1-4420-AF2D-A52B80C84D87}.Debug|x86.Build.0 = Debug|Any CPU
		{0B93B369-20A1-4420-AF2D-A52B80C84D87}.Release|Any CPU.ActiveCfg = Release|Any CPU
		{0B93B369-20A1-4420-AF2D-A52B80C84D87}.Release|Any CPU.Build.0 = Release|Any CPU
		{0B93B369-20A1-4420-AF2D-A52B80C84D87}.Release|x64.ActiveCfg = Release|Any CPU
		{0B93B369-20A1-4420-AF2D-A52B80C84D87}.Release|x64.Build.0 = Release|Any CPU
		{0B93B369-20A1-4420-AF2D-A52B80C84D87}.Release|x86.ActiveCfg = Release|Any CPU
		{0B93B369-20A1-4420-AF2D-A52B80C84D87}.Release|x86.Build.0 = Release|Any CPU
		{869F3ADE-CD66-4BE3-9495-122046DA87D8}.Debug|Any CPU.ActiveCfg = Debug|Any CPU
		{869F3ADE-CD66-4BE3-9495-122046DA87D8}.Debug|Any CPU.Build.0 = Debug|Any CPU
		{869F3ADE-CD66-4BE3-9495-122046DA87D8}.Debug|x64.ActiveCfg = Debug|Any CPU
		{869F3ADE-CD66-4BE3-9495-122046DA87D8}.Debug|x64.Build.0 = Debug|Any CPU
		{869F3ADE-CD66-4BE3-9495-122046DA87D8}.Debug|x86.ActiveCfg = Debug|Any CPU
		{869F3ADE-CD66-4BE3-9495-122046DA87D8}.Debug|x86.Build.0 = Debug|Any CPU
		{869F3ADE-CD66-4BE3-9495-122046DA87D8}.Release|Any CPU.ActiveCfg = Release|Any CPU
		{869F3ADE-CD66-4BE3-9495-122046DA87D8}.Release|Any CPU.Build.0 = Release|Any CPU
		{869F3ADE-CD66-4BE3-9495-122046DA87D8}.Release|x64.ActiveCfg = Release|Any CPU
		{869F3ADE-CD66-4BE3-9495-122046DA87D8}.Release|x64.Build.0 = Release|Any CPU
		{869F3ADE-CD66-4BE3-9495-122046DA87D8}.Release|x86.ActiveCfg = Release|Any CPU
		{869F3ADE-CD66-4BE3-9495-122046DA87D8}.Release|x86.Build.0 = Release|Any CPU
		{9730235A-6561-4A9B-B2E3-252C3705F708}.Debug|Any CPU.ActiveCfg = Debug|Any CPU
		{9730235A-6561-4A9B-B2E3-252C3705F708}.Debug|Any CPU.Build.0 = Debug|Any CPU
		{9730235A-6561-4A9B-B2E3-252C3705F708}.Debug|x64.ActiveCfg = Debug|Any CPU
		{9730235A-6561-4A9B-B2E3-252C3705F708}.Debug|x64.Build.0 = Debug|Any CPU
		{9730235A-6561-4A9B-B2E3-252C3705F708}.Debug|x86.ActiveCfg = Debug|Any CPU
		{9730235A-6561-4A9B-B2E3-252C3705F708}.Debug|x86.Build.0 = Debug|Any CPU
		{9730235A-6561-4A9B-B2E3-252C3705F708}.Release|Any CPU.ActiveCfg = Release|Any CPU
		{9730235A-6561-4A9B-B2E3-252C3705F708}.Release|Any CPU.Build.0 = Release|Any CPU
		{9730235A-6561-4A9B-B2E3-252C3705F708}.Release|x64.ActiveCfg = Release|Any CPU
		{9730235A-6561-4A9B-B2E3-252C3705F708}.Release|x64.Build.0 = Release|Any CPU
		{9730235A-6561-4A9B-B2E3-252C3705F708}.Release|x86.ActiveCfg = Release|Any CPU
		{9730235A-6561-4A9B-B2E3-252C3705F708}.Release|x86.Build.0 = Release|Any CPU
		{3CF975AB-1872-4077-A281-F0254B9D2E1C}.Debug|Any CPU.ActiveCfg = Debug|Any CPU
		{3CF975AB-1872-4077-A281-F0254B9D2E1C}.Debug|Any CPU.Build.0 = Debug|Any CPU
		{3CF975AB-1872-4077-A281-F0254B9D2E1C}.Debug|x64.ActiveCfg = Debug|Any CPU
		{3CF975AB-1872-4077-A281-F0254B9D2E1C}.Debug|x64.Build.0 = Debug|Any CPU
		{3CF975AB-1872-4077-A281-F0254B9D2E1C}.Debug|x86.ActiveCfg = Debug|Any CPU
		{3CF975AB-1872-4077-A281-F0254B9D2E1C}.Debug|x86.Build.0 = Debug|Any CPU
		{3CF975AB-1872-4077-A281-F0254B9D2E1C}.Release|Any CPU.ActiveCfg = Release|Any CPU
		{3CF975AB-1872-4077-A281-F0254B9D2E1C}.Release|Any CPU.Build.0 = Release|Any CPU
		{3CF975AB-1872-4077-A281-F0254B9D2E1C}.Release|x64.ActiveCfg = Release|Any CPU
		{3CF975AB-1872-4077-A281-F0254B9D2E1C}.Release|x64.Build.0 = Release|Any CPU
		{3CF975AB-1872-4077-A281-F0254B9D2E1C}.Release|x86.ActiveCfg = Release|Any CPU
		{3CF975AB-1872-4077-A281-F0254B9D2E1C}.Release|x86.Build.0 = Release|Any CPU
		{3B58C958-3CC2-4625-B0D6-F4BAD508AD82}.Debug|Any CPU.ActiveCfg = Debug|Any CPU
		{3B58C958-3CC2-4625-B0D6-F4BAD508AD82}.Debug|Any CPU.Build.0 = Debug|Any CPU
		{3B58C958-3CC2-4625-B0D6-F4BAD508AD82}.Debug|x64.ActiveCfg = Debug|Any CPU
		{3B58C958-3CC2-4625-B0D6-F4BAD508AD82}.Debug|x64.Build.0 = Debug|Any CPU
		{3B58C958-3CC2-4625-B0D6-F4BAD508AD82}.Debug|x86.ActiveCfg = Debug|Any CPU
		{3B58C958-3CC2-4625-B0D6-F4BAD508AD82}.Debug|x86.Build.0 = Debug|Any CPU
		{3B58C958-3CC2-4625-B0D6-F4BAD508AD82}.Release|Any CPU.ActiveCfg = Release|Any CPU
		{3B58C958-3CC2-4625-B0D6-F4BAD508AD82}.Release|Any CPU.Build.0 = Release|Any CPU
		{3B58C958-3CC2-4625-B0D6-F4BAD508AD82}.Release|x64.ActiveCfg = Release|Any CPU
		{3B58C958-3CC2-4625-B0D6-F4BAD508AD82}.Release|x64.Build.0 = Release|Any CPU
		{3B58C958-3CC2-4625-B0D6-F4BAD508AD82}.Release|x86.ActiveCfg = Release|Any CPU
		{3B58C958-3CC2-4625-B0D6-F4BAD508AD82}.Release|x86.Build.0 = Release|Any CPU
		{20A1E27F-44CC-4EF9-88A4-6E114762EB2C}.Debug|Any CPU.ActiveCfg = Debug|Any CPU
		{20A1E27F-44CC-4EF9-88A4-6E114762EB2C}.Debug|Any CPU.Build.0 = Debug|Any CPU
		{20A1E27F-44CC-4EF9-88A4-6E114762EB2C}.Debug|x64.ActiveCfg = Debug|Any CPU
		{20A1E27F-44CC-4EF9-88A4-6E114762EB2C}.Debug|x64.Build.0 = Debug|Any CPU
		{20A1E27F-44CC-4EF9-88A4-6E114762EB2C}.Debug|x86.ActiveCfg = Debug|Any CPU
		{20A1E27F-44CC-4EF9-88A4-6E114762EB2C}.Debug|x86.Build.0 = Debug|Any CPU
		{20A1E27F-44CC-4EF9-88A4-6E114762EB2C}.Release|Any CPU.ActiveCfg = Release|Any CPU
		{20A1E27F-44CC-4EF9-88A4-6E114762EB2C}.Release|Any CPU.Build.0 = Release|Any CPU
		{20A1E27F-44CC-4EF9-88A4-6E114762EB2C}.Release|x64.ActiveCfg = Release|Any CPU
		{20A1E27F-44CC-4EF9-88A4-6E114762EB2C}.Release|x64.Build.0 = Release|Any CPU
		{20A1E27F-44CC-4EF9-88A4-6E114762EB2C}.Release|x86.ActiveCfg = Release|Any CPU
		{20A1E27F-44CC-4EF9-88A4-6E114762EB2C}.Release|x86.Build.0 = Release|Any CPU
	EndGlobalSection
	GlobalSection(SolutionProperties) = preSolution
		HideSolutionNode = FALSE
	EndGlobalSection
	GlobalSection(ExtensibilityGlobals) = postSolution
		SolutionGuid = {14067DF9-D5BF-42AA-84BB-284A9CBF683C}
	EndGlobalSection
EndGlobal
